Microsoft Visual Studio Solution File, Format Version 12.00
# Visual Studio Version 17
VisualStudioVersion = 17.5.2.0
MinimumVisualStudioVersion = 10.0.40219.1
Project("{FAE04EC0-301F-11D3-BF4B-00C04F79EFBC}") = "MySqlApp", "MySqlApp.csproj", "{DDD2253E-328D-5C5C-4872-592576C97245}"
EndProject
Global
	GlobalSection(SolutionConfigurationPlatforms) = preSolution
		Debug|Any CPU = Debug|Any CPU
		Release|Any CPU = Release|Any CPU
	EndGlobalSection
	GlobalSection(ProjectConfigurationPlatforms) = postSolution
		{DDD2253E-328D-5C5C-4872-592576C97245}.Debug|Any CPU.ActiveCfg = Debug|Any CPU
		{DDD2253E-328D-5C5C-4872-592576C97245}.Debug|Any CPU.Build.0 = Debug|Any CPU
		{DDD2253E-328D-5C5C-4872-592576C97245}.Release|Any CPU.ActiveCfg = Release|Any CPU
		{DDD2253E-328D-5C5C-4872-592576C97245}.Release|Any CPU.Build.0 = Release|Any CPU
	EndGlobalSection
	GlobalSection(SolutionProperties) = preSolution
		HideSolutionNode = FALSE
	EndGlobalSection
	GlobalSection(ExtensibilityGlobals) = postSolution
		SolutionGuid = {5FFAB7D6-A8F4-46DB-880C-4C0C05AC3711}
	EndGlobalSection
EndGlobal
